
Microsoft Visual Studio Solution File, Format Version 12.00
# Visual Studio 15
VisualStudioVersion = 15.0.28307.1082
MinimumVisualStudioVersion = 10.0.40219.1
Project("{FAE04EC0-301F-11D3-BF4B-00C04F79EFBC}") = "WinFormLab", "WinFormLab\WinFormLab.csproj", "{833E95DD-6913-4745-A7A7-BB78F2EEC098}"
EndProject
Global
	GlobalSection(SolutionConfigurationPlatforms) = preSolution
		Debug|Any CPU = Debug|Any CPU
		Release|Any CPU = Release|Any CPU
	EndGlobalSection
	GlobalSection(ProjectConfigurationPlatforms) = postSolution
		{833E95DD-6913-4745-A7A7-BB78F2EEC098}.Debug|Any CPU.ActiveCfg = Debug|Any CPU
		{833E95DD-6913-4745-A7A7-BB78F2EEC098}.Debug|Any CPU.Build.0 = Debug|Any CPU
		{833E95DD-6913-4745-A7A7-BB78F2EEC098}.Release|Any CPU.ActiveCfg = Release|Any CPU
		{833E95DD-6913-4745-A7A7-BB78F2EEC098}.Release|Any CPU.Build.0 = Release|Any CPU
	EndGlobalSection
	GlobalSection(SolutionProperties) = preSolution
		HideSolutionNode = FALSE
	EndGlobalSection
	GlobalSection(ExtensibilityGlobals) = postSolution
		SolutionGuid = {05694793-A66D-4CE2-9BC6-B8D8F14E894A}
	EndGlobalSection
EndGlobal
